
Microsoft Visual Studio Solution File, Format Version 12.00
# Visual Studio 14
VisualStudioVersion = 14.0.25420.1
MinimumVisualStudioVersion = 10.0.40219.1
Project("{FAE04EC0-301F-11D3-BF4B-00C04F79EFBC}") = "01.Min,Max,Sum,Average", "01.Min,Max,Sum,Average\01.Min,Max,Sum,Average.csproj", "{121C7AD7-BB4B-4D76-9982-4DC6AB6B13B1}"
EndProject
Project("{FAE04EC0-301F-11D3-BF4B-00C04F79EFBC}") = "02.Largest3Numbers", "02.Largest3Numbers\02.Largest3Numbers.csproj", "{5986D8CA-5412-4F09-9F62-5849DDF9E0B5}"
EndProject
Project("{FAE04EC0-301F-11D3-BF4B-00C04F79EFBC}") = "03.ShortWordsSorted", "03.ShortWordsSorted\03.ShortWordsSorted.csproj", "{613CC1E5-45A4-429C-85DC-CC8D505FAEC6}"
EndProject
Project("{FAE04EC0-301F-11D3-BF4B-00C04F79EFBC}") = "04.FoldAndSum", "04.FoldAndSum\04.FoldAndSum.csproj", "{892E08D1-7042-4AF5-9E08-7795CC848222}"
EndProject
Project("{FAE04EC0-301F-11D3-BF4B-00C04F79EFBC}") = "05.RegisterUsers", "05.RegisterUsers\05.RegisterUsers.csproj", "{78B91B2F-411C-45F6-96BE-950D6FC95279}"
EndProject
Project("{FAE04EC0-301F-11D3-BF4B-00C04F79EFBC}") = "06.DefaultValues", "06.DefaultValues\06.DefaultValues.csproj", "{6574A05B-7A45-4056-8558-329975B68C27}"
EndProject
Project("{FAE04EC0-301F-11D3-BF4B-00C04F79EFBC}") = "07.FlattenDictionary", "07.FlattenDictionary\07.FlattenDictionary.csproj", "{F4327FA4-F7BB-444D-A4B6-58BB5C6DEB6F}"
EndProject
Project("{FAE04EC0-301F-11D3-BF4B-00C04F79EFBC}") = "08.CottageScraper", "08.CottageScraper\08.CottageScraper.csproj", "{B50FF5E4-6C64-42B3-A38D-FC7BA261116F}"
EndProject
Project("{FAE04EC0-301F-11D3-BF4B-00C04F79EFBC}") = "09.LambadaExpressions", "09.LambadaExpressions\09.LambadaExpressions.csproj", "{5A805F0D-4357-4E2A-BF5A-D92514CC230B}"
EndProject
Project("{FAE04EC0-301F-11D3-BF4B-00C04F79EFBC}") = "10.OrderedBankingSystem", "10.OrderedBankingSystem\10.OrderedBankingSystem.csproj", "{44862A4B-8373-4429-B603-B030B5B5E2D2}"
EndProject
Project("{FAE04EC0-301F-11D3-BF4B-00C04F79EFBC}") = "11.LINQuistics", "11.LINQuistics\11.LINQuistics.csproj", "{030720BA-05F8-4EA9-A6EF-A601BC21945B}"
EndProject
Global
	GlobalSection(SolutionConfigurationPlatforms) = preSolution
		Debug|Any CPU = Debug|Any CPU
		Release|Any CPU = Release|Any CPU
	EndGlobalSection
	GlobalSection(ProjectConfigurationPlatforms) = postSolution
		{121C7AD7-BB4B-4D76-9982-4DC6AB6B13B1}.Debug|Any CPU.ActiveCfg = Debug|Any CPU
		{121C7AD7-BB4B-4D76-9982-4DC6AB6B13B1}.Debug|Any CPU.Build.0 = Debug|Any CPU
		{121C7AD7-BB4B-4D76-9982-4DC6AB6B13B1}.Release|Any CPU.ActiveCfg = Release|Any CPU
		{121C7AD7-BB4B-4D76-9982-4DC6AB6B13B1}.Release|Any CPU.Build.0 = Release|Any CPU
		{5986D8CA-5412-4F09-9F62-5849DDF9E0B5}.Debug|Any CPU.ActiveCfg = Debug|Any CPU
		{5986D8CA-5412-4F09-9F62-5849DDF9E0B5}.Debug|Any CPU.Build.0 = Debug|Any CPU
		{5986D8CA-5412-4F09-9F62-5849DDF9E0B5}.Release|Any CPU.ActiveCfg = Release|Any CPU
		{5986D8CA-5412-4F09-9F62-5849DDF9E0B5}.Release|Any CPU.Build.0 = Release|Any CPU
		{613CC1E5-45A4-429C-85DC-CC8D505FAEC6}.Debug|Any CPU.ActiveCfg = Debug|Any CPU
		{613CC1E5-45A4-429C-85DC-CC8D505FAEC6}.Debug|Any CPU.Build.0 = Debug|Any CPU
		{613CC1E5-45A4-429C-85DC-CC8D505FAEC6}.Release|Any CPU.ActiveCfg = Release|Any CPU
		{613CC1E5-45A4-429C-85DC-CC8D505FAEC6}.Release|Any CPU.Build.0 = Release|Any CPU
		{892E08D1-7042-4AF5-9E08-7795CC848222}.Debug|Any CPU.ActiveCfg = Debug|Any CPU
		{892E08D1-7042-4AF5-9E08-7795CC848222}.Debug|Any CPU.Build.0 = Debug|Any CPU
		{892E08D1-7042-4AF5-9E08-7795CC848222}.Release|Any CPU.ActiveCfg = Release|Any CPU
		{892E08D1-7042-4AF5-9E08-7795CC848222}.Release|Any CPU.Build.0 = Release|Any CPU
		{78B91B2F-411C-45F6-96BE-950D6FC95279}.Debug|Any CPU.ActiveCfg = Debug|Any CPU
		{78B91B2F-411C-45F6-96BE-950D6FC95279}.Debug|Any CPU.Build.0 = Debug|Any CPU
		{78B91B2F-411C-45F6-96BE-950D6FC95279}.Release|Any CPU.ActiveCfg = Release|Any CPU
		{78B91B2F-411C-45F6-96BE-950D6FC95279}.Release|Any CPU.Build.0 = Release|Any CPU
		{6574A05B-7A45-4056-8558-329975B68C27}.Debug|Any CPU.ActiveCfg = Debug|Any CPU
		{6574A05B-7A45-4056-8558-329975B68C27}.Debug|Any CPU.Build.0 = Debug|Any CPU
		{6574A05B-7A45-4056-8558-329975B68C27}.Release|Any CPU.ActiveCfg = Release|Any CPU
		{6574A05B-7A45-4056-8558-329975B68C27}.Release|Any CPU.Build.0 = Release|Any CPU
		{F4327FA4-F7BB-444D-A4B6-58BB5C6DEB6F}.Debug|Any CPU.ActiveCfg = Debug|Any CPU
		{F4327FA4-F7BB-444D-A4B6-58BB5C6DEB6F}.Debug|Any CPU.Build.0 = Debug|Any CPU
		{F4327FA4-F7BB-444D-A4B6-58BB5C6DEB6F}.Release|Any CPU.ActiveCfg = Release|Any CPU
		{F4327FA4-F7BB-444D-A4B6-58BB5C6DEB6F}.Release|Any CPU.Build.0 = Release|Any CPU
		{B50FF5E4-6C64-42B3-A38D-FC7BA261116F}.Debug|Any CPU.ActiveCfg = Debug|Any CPU
		{B50FF5E4-6C64-42B3-A38D-FC7BA261116F}.Debug|Any CPU.Build.0 = Debug|Any CPU
		{B50FF5E4-6C64-42B3-A38D-FC7BA261116F}.Release|Any CPU.ActiveCfg = Release|Any CPU
		{B50FF5E4-6C64-42B3-A38D-FC7BA261116F}.Release|Any CPU.Build.0 = Release|Any CPU
		{5A805F0D-4357-4E2A-BF5A-D92514CC230B}.Debug|Any CPU.ActiveCfg = Debug|Any CPU
		{5A805F0D-4357-4E2A-BF5A-D92514CC230B}.Debug|Any CPU.Build.0 = Debug|Any CPU
		{5A805F0D-4357-4E2A-BF5A-D92514CC230B}.Release|Any CPU.ActiveCfg = Release|Any CPU
		{5A805F0D-4357-4E2A-BF5A-D92514CC230B}.Release|Any CPU.Build.0 = Release|Any CPU
		{44862A4B-8373-4429-B603-B030B5B5E2D2}.Debug|Any CPU.ActiveCfg = Debug|Any CPU
		{44862A4B-8373-4429-B603-B030B5B5E2D2}.Debug|Any CPU.Build.0 = Debug|Any CPU
		{44862A4B-8373-4429-B603-B030B5B5E2D2}.Release|Any CPU.ActiveCfg = Release|Any CPU
		{44862A4B-8373-4429-B603-B030B5B5E2D2}.Release|Any CPU.Build.0 = Release|Any CPU
		{030720BA-05F8-4EA9-A6EF-A601BC21945B}.Debug|Any CPU.ActiveCfg = Debug|Any CPU
		{030720BA-05F8-4EA9-A6EF-A601BC21945B}.Debug|Any CPU.Build.0 = Debug|Any CPU
		{030720BA-05F8-4EA9-A6EF-A601BC21945B}.Release|Any CPU.ActiveCfg = Release|Any CPU
		{030720BA-05F8-4EA9-A6EF-A601BC21945B}.Release|Any CPU.Build.0 = Release|Any CPU
	EndGlobalSection
	GlobalSection(SolutionProperties) = preSolution
		HideSolutionNode = FALSE
	EndGlobalSection
EndGlobal
