
Microsoft Visual Studio Solution File, Format Version 12.00
# Visual Studio 14
VisualStudioVersion = 14.0.25420.1
MinimumVisualStudioVersion = 10.0.40219.1
Project("{FAE04EC0-301F-11D3-BF4B-00C04F79EFBC}") = "01.SoftUniCoffeeOrders", "01.SoftUniCoffeeOrders\01.SoftUniCoffeeOrders.csproj", "{B67184B2-6E20-4C19-8858-E8814529DF87}"
EndProject
Project("{FAE04EC0-301F-11D3-BF4B-00C04F79EFBC}") = "02.CommandInterpreter", "02.CommandInterpreter\02.CommandInterpreter.csproj", "{7D923E9F-BBD2-4CC5-B7C8-87BCCEF2DC79}"
EndProject
Project("{FAE04EC0-301F-11D3-BF4B-00C04F79EFBC}") = "03.RageQuit", "03.RageQuit\03.RageQuit.csproj", "{DFBE2D13-5446-4A6D-A63D-204649E1D12D}"
EndProject
Project("{FAE04EC0-301F-11D3-BF4B-00C04F79EFBC}") = "04.Files", "04.Files\04.Files.csproj", "{13E47448-91D9-4F7A-A459-9B16660CF501}"
EndProject
Global
	GlobalSection(SolutionConfigurationPlatforms) = preSolution
		Debug|Any CPU = Debug|Any CPU
		Release|Any CPU = Release|Any CPU
	EndGlobalSection
	GlobalSection(ProjectConfigurationPlatforms) = postSolution
		{B67184B2-6E20-4C19-8858-E8814529DF87}.Debug|Any CPU.ActiveCfg = Debug|Any CPU
		{B67184B2-6E20-4C19-8858-E8814529DF87}.Debug|Any CPU.Build.0 = Debug|Any CPU
		{B67184B2-6E20-4C19-8858-E8814529DF87}.Release|Any CPU.ActiveCfg = Release|Any CPU
		{B67184B2-6E20-4C19-8858-E8814529DF87}.Release|Any CPU.Build.0 = Release|Any CPU
		{7D923E9F-BBD2-4CC5-B7C8-87BCCEF2DC79}.Debug|Any CPU.ActiveCfg = Debug|Any CPU
		{7D923E9F-BBD2-4CC5-B7C8-87BCCEF2DC79}.Debug|Any CPU.Build.0 = Debug|Any CPU
		{7D923E9F-BBD2-4CC5-B7C8-87BCCEF2DC79}.Release|Any CPU.ActiveCfg = Release|Any CPU
		{7D923E9F-BBD2-4CC5-B7C8-87BCCEF2DC79}.Release|Any CPU.Build.0 = Release|Any CPU
		{DFBE2D13-5446-4A6D-A63D-204649E1D12D}.Debug|Any CPU.ActiveCfg = Debug|Any CPU
		{DFBE2D13-5446-4A6D-A63D-204649E1D12D}.Debug|Any CPU.Build.0 = Debug|Any CPU
		{DFBE2D13-5446-4A6D-A63D-204649E1D12D}.Release|Any CPU.ActiveCfg = Release|Any CPU
		{DFBE2D13-5446-4A6D-A63D-204649E1D12D}.Release|Any CPU.Build.0 = Release|Any CPU
		{13E47448-91D9-4F7A-A459-9B16660CF501}.Debug|Any CPU.ActiveCfg = Debug|Any CPU
		{13E47448-91D9-4F7A-A459-9B16660CF501}.Debug|Any CPU.Build.0 = Debug|Any CPU
		{13E47448-91D9-4F7A-A459-9B16660CF501}.Release|Any CPU.ActiveCfg = Release|Any CPU
		{13E47448-91D9-4F7A-A459-9B16660CF501}.Release|Any CPU.Build.0 = Release|Any CPU
	EndGlobalSection
	GlobalSection(SolutionProperties) = preSolution
		HideSolutionNode = FALSE
	EndGlobalSection
EndGlobal
