
Microsoft Visual Studio Solution File, Format Version 12.00
# Visual Studio 14
VisualStudioVersion = 14.0.25420.1
MinimumVisualStudioVersion = 10.0.40219.1
Project("{FAE04EC0-301F-11D3-BF4B-00C04F79EFBC}") = "01.Wormtest", "01.Wormtest\01.Wormtest.csproj", "{7F078D83-051D-4A42-BC0F-EC346A8B451B}"
EndProject
Project("{FAE04EC0-301F-11D3-BF4B-00C04F79EFBC}") = "02.WormIpsum", "02.WormIpsum\02.WormIpsum.csproj", "{9B91EFC0-6350-4495-A0D4-88A838747548}"
EndProject
Project("{FAE04EC0-301F-11D3-BF4B-00C04F79EFBC}") = "03.Wormhole", "03.Wormhole\03.Wormhole.csproj", "{C18B245F-9A70-47C6-A69C-306737D2FDEB}"
EndProject
Project("{FAE04EC0-301F-11D3-BF4B-00C04F79EFBC}") = "04.WormsWorldParty", "04.WormsWorldParty\04.WormsWorldParty.csproj", "{85928E96-F42C-41C9-9D15-3A64A9E93859}"
EndProject
Global
	GlobalSection(SolutionConfigurationPlatforms) = preSolution
		Debug|Any CPU = Debug|Any CPU
		Release|Any CPU = Release|Any CPU
	EndGlobalSection
	GlobalSection(ProjectConfigurationPlatforms) = postSolution
		{7F078D83-051D-4A42-BC0F-EC346A8B451B}.Debug|Any CPU.ActiveCfg = Debug|Any CPU
		{7F078D83-051D-4A42-BC0F-EC346A8B451B}.Debug|Any CPU.Build.0 = Debug|Any CPU
		{7F078D83-051D-4A42-BC0F-EC346A8B451B}.Release|Any CPU.ActiveCfg = Release|Any CPU
		{7F078D83-051D-4A42-BC0F-EC346A8B451B}.Release|Any CPU.Build.0 = Release|Any CPU
		{9B91EFC0-6350-4495-A0D4-88A838747548}.Debug|Any CPU.ActiveCfg = Debug|Any CPU
		{9B91EFC0-6350-4495-A0D4-88A838747548}.Debug|Any CPU.Build.0 = Debug|Any CPU
		{9B91EFC0-6350-4495-A0D4-88A838747548}.Release|Any CPU.ActiveCfg = Release|Any CPU
		{9B91EFC0-6350-4495-A0D4-88A838747548}.Release|Any CPU.Build.0 = Release|Any CPU
		{C18B245F-9A70-47C6-A69C-306737D2FDEB}.Debug|Any CPU.ActiveCfg = Debug|Any CPU
		{C18B245F-9A70-47C6-A69C-306737D2FDEB}.Debug|Any CPU.Build.0 = Debug|Any CPU
		{C18B245F-9A70-47C6-A69C-306737D2FDEB}.Release|Any CPU.ActiveCfg = Release|Any CPU
		{C18B245F-9A70-47C6-A69C-306737D2FDEB}.Release|Any CPU.Build.0 = Release|Any CPU
		{85928E96-F42C-41C9-9D15-3A64A9E93859}.Debug|Any CPU.ActiveCfg = Debug|Any CPU
		{85928E96-F42C-41C9-9D15-3A64A9E93859}.Debug|Any CPU.Build.0 = Debug|Any CPU
		{85928E96-F42C-41C9-9D15-3A64A9E93859}.Release|Any CPU.ActiveCfg = Release|Any CPU
		{85928E96-F42C-41C9-9D15-3A64A9E93859}.Release|Any CPU.Build.0 = Release|Any CPU
	EndGlobalSection
	GlobalSection(SolutionProperties) = preSolution
		HideSolutionNode = FALSE
	EndGlobalSection
EndGlobal
